
Microsoft Visual Studio Solution File, Format Version 12.00
# Visual Studio Version 17
VisualStudioVersion = 17.7.34009.444
MinimumVisualStudioVersion = 10.0.40219.1
Project("{9A19103F-16F7-4668-BE54-9A1E7A4F7556}") = "AEM.TestManagementSystem.Web", "AEM.TestManagementSystem.Web\AEM.TestManagementSystem.Web.csproj", "{4335C0CA-E189-418F-B0A1-3A8375937537}"
EndProject
Project("{9A19103F-16F7-4668-BE54-9A1E7A4F7556}") = "AEM.TestManagementSystem.Services", "AEM.TestManagementSystem.Services\AEM.TestManagementSystem.Services.csproj", "{473AC52A-78C4-453E-BE09-15C155C616F2}"
EndProject
Project("{9A19103F-16F7-4668-BE54-9A1E7A4F7556}") = "AEM.TestManagementSystem.Repository", "AEM.TestManagementSystem.Repository\AEM.TestManagementSystem.Repository.csproj", "{68645946-0751-4C3B-8799-4E812D720B27}"
EndProject
Project("{9A19103F-16F7-4668-BE54-9A1E7A4F7556}") = "AEM.AdminPortal.Web", "AEM.AdminPortal.Web\AEM.AdminPortal.Web.csproj", "{3703AF5E-791B-4043-ACF1-292AC71B3566}"
	ProjectSection(ProjectDependencies) = postProject
		{68645946-0751-4C3B-8799-4E812D720B27} = {68645946-0751-4C3B-8799-4E812D720B27}
	EndProjectSection
EndProject
Global
	GlobalSection(SolutionConfigurationPlatforms) = preSolution
		Debug|Any CPU = Debug|Any CPU
		Release|Any CPU = Release|Any CPU
	EndGlobalSection
	GlobalSection(ProjectConfigurationPlatforms) = postSolution
		{4335C0CA-E189-418F-B0A1-3A8375937537}.Debug|Any CPU.ActiveCfg = Debug|Any CPU
		{4335C0CA-E189-418F-B0A1-3A8375937537}.Debug|Any CPU.Build.0 = Debug|Any CPU
		{4335C0CA-E189-418F-B0A1-3A8375937537}.Release|Any CPU.ActiveCfg = Release|Any CPU
		{4335C0CA-E189-418F-B0A1-3A8375937537}.Release|Any CPU.Build.0 = Release|Any CPU
		{473AC52A-78C4-453E-BE09-15C155C616F2}.Debug|Any CPU.ActiveCfg = Debug|Any CPU
		{473AC52A-78C4-453E-BE09-15C155C616F2}.Debug|Any CPU.Build.0 = Debug|Any CPU
		{473AC52A-78C4-453E-BE09-15C155C616F2}.Release|Any CPU.ActiveCfg = Release|Any CPU
		{473AC52A-78C4-453E-BE09-15C155C616F2}.Release|Any CPU.Build.0 = Release|Any CPU
		{68645946-0751-4C3B-8799-4E812D720B27}.Debug|Any CPU.ActiveCfg = Debug|Any CPU
		{68645946-0751-4C3B-8799-4E812D720B27}.Debug|Any CPU.Build.0 = Debug|Any CPU
		{68645946-0751-4C3B-8799-4E812D720B27}.Release|Any CPU.ActiveCfg = Release|Any CPU
		{68645946-0751-4C3B-8799-4E812D720B27}.Release|Any CPU.Build.0 = Release|Any CPU
		{3703AF5E-791B-4043-ACF1-292AC71B3566}.Debug|Any CPU.ActiveCfg = Debug|Any CPU
		{3703AF5E-791B-4043-ACF1-292AC71B3566}.Debug|Any CPU.Build.0 = Debug|Any CPU
		{3703AF5E-791B-4043-ACF1-292AC71B3566}.Release|Any CPU.ActiveCfg = Release|Any CPU
		{3703AF5E-791B-4043-ACF1-292AC71B3566}.Release|Any CPU.Build.0 = Release|Any CPU
	EndGlobalSection
	GlobalSection(SolutionProperties) = preSolution
		HideSolutionNode = FALSE
	EndGlobalSection
	GlobalSection(ExtensibilityGlobals) = postSolution
		SolutionGuid = {C4BEC3F7-DD6F-4EA2-9EA2-7D348EAAE873}
	EndGlobalSection
EndGlobal
